{
  "name": "ts-repro",
  "version": "0.1.0",
  "lockfileVersion": 2,
  "requires": true,
  "packages": {
    "": {
      "name": "ts-repro",
      "version": "0.1.0",
      "hasInstallScript": true,
      "license": "MIT",
      "dependencies": {
        "git-package": "./git-package",
        "typescript": "^4.5.4"
      }
    },
    "git-package": {
      "version": "0.1.0",
      "license": "MIT",
      "dependencies": {
        "typescript": "^4.5.4"
      }
    },
    "node_modules/git-package": {
      "resolved": "git-package",
      "link": true
    },
    "node_modules/typescript": {
      "version": "4.5.4",
      "license": "Apache-2.0",
      "bin": {
        "tsc": "bin/tsc",
        "tsserver": "bin/tsserver"
      },
      "engines": {
        "node": ">=4.2.0"
      }
    }
  },
  "dependencies": {
    "git-package": {
      "version": "file:git-package",
      "requires": {
        "typescript": "^4.5.4"
      }
    },
    "typescript": {
      "version": "4.5.4"
    }
  }
}
